PODS:
  - SwiftTryCatch (1.0.0)

DEPENDENCIES:
  - SwiftTryCatch (from `https://github.com/ravero/SwiftTryCatch.git`)

EXTERNAL SOURCES:
  SwiftTryCatch:
    :git: https://github.com/ravero/SwiftTryCatch.git

CHECKOUT OPTIONS:
  SwiftTryCatch:
    :commit: 46ca643dc8b9e47482437e906b30952712e8e232
    :git: https://github.com/ravero/SwiftTryCatch.git

SPEC CHECKSUMS:
  SwiftTryCatch: fc83ba75e26f7207749b568c50965218d99e1571

PODFILE CHECKSUM: dd4ba001e2e522a301b566610e0f214b3a969bec

COCOAPODS: 1.5.0
